{
  "originHash" : "4d025773500fb6f65a0e3b5e17745330932ac3106fa7a69c66029fdfb1636aff",
  "pins" : [
    {
      "identity" : "capacitor-swift-pm",
      "kind" : "remoteSourceControl",
      "location" : "https://github.com/ionic-team/capacitor-swift-pm.git",
      "state" : {
        "revision" : "4c7f346d16196e21fbe23d4a7a6fc7af62af6742",
        "version" : "8.5.3"
      }
    },
    {
      "identity" : "osbarcodelib-ios",
      "kind" : "remoteSourceControl",
      "location" : "https://github.com/OutSystems/OSBarcodeLib-iOS.git",
      "state" : {
        "revision" : "c97a837b5faaca004b28c03c309a1578f2bd6c21",
        "version" : "3.0.0"
      }
    }
  ],
  "version" : 3
}
